Microsoft Visual Studio Solution File, Format Version 12.00
# Visual Studio 14
VisualStudioVersion = 14.0.23107.0
MinimumVisualStudioVersion = 10.0.40219.1
Project("{2150E333-8FDC-42A3-9474-1A3956D46DE8}") = "Driver", "Driver", "{49A59B15-62A3-472D-9540-640D5CDA0990}"
EndProject
Project("{FAE04EC0-301F-11D3-BF4B-00C04F79EFBC}") = "DriverClientLibrary", "Driver\DriverClientLibrary\DriverClientLibrary.csproj", "{F0F6D412-32F7-494E-89F1-02FB73355204}"
EndProject
Project("{8BC9CEB8-8B4A-11D0-8D11-00A0C91BC942}") = "LazyCopyDriver", "Driver\LazyCopyDriver\LazyCopyDriver.vcxproj", "{13AD5622-8B1C-47F5-9062-A0ACB26576DD}"
EndProject
Project("{FAE04EC0-301F-11D3-BF4B-00C04F79EFBC}") = "LazyCopyDriverClient", "Driver\LazyCopyDriverClient\LazyCopyDriverClient.csproj", "{4A6EB8CA-B376-4BFE-BAB0-0E311B5507AC}"
EndProject
Project("{FAE04EC0-301F-11D3-BF4B-00C04F79EFBC}") = "LazyCopySvc", "Service\LazyCopySvc\LazyCopySvc.csproj", "{9EBE4445-3678-4C54-BEA4-35E7FE219B79}"
EndProject
Project("{2150E333-8FDC-42A3-9474-1A3956D46DE8}") = "ToolsAndLibraries", "ToolsAndLibraries", "{041DF63A-EFDF-402A-ABA3-8873DA12B1EF}"
EndProject
Project("{FAE04EC0-301F-11D3-BF4B-00C04F79EFBC}") = "Utilities", "ToolsAndLibraries\Utilities\Utilities.csproj", "{0C122C40-D262-4DAF-9F61-E9EC08047D61}"
EndProject
Project("{FAE04EC0-301F-11D3-BF4B-00C04F79EFBC}") = "EventTracing", "ToolsAndLibraries\EventTracing\EventTracing.csproj", "{C80A3B72-E9D6-43E9-A92B-F58CC61EB8FF}"
EndProject
Project("{930C7802-8A8C-48F9-8165-68863BCCD9DD}") = "Setup", "Setup\Setup\Setup.wixproj", "{45FCB8E9-1EBE-4009-BE71-EB1287B374C9}"
EndProject
Project("{8BC9CEB8-8B4A-11D0-8D11-00A0C91BC942}") = "LazyCopyDriverInstall", "Driver\LazyCopyDriverInstall\LazyCopyDriverInstall.vcxproj", "{F94D238E-21CA-47DF-A5A5-9EB0162F30FD}"
EndProject
Project("{2150E333-8FDC-42A3-9474-1A3956D46DE8}") = "Setup", "Setup", "{5E28CE29-9A2A-41DA-A98A-C46D71FBB6F4}"
EndProject
Project("{2150E333-8FDC-42A3-9474-1A3956D46DE8}") = "Service", "Service", "{5DD1EF4F-D895-434D-845C-A1A72A752919}"
EndProject
Project("{FAE04EC0-301F-11D3-BF4B-00C04F79EFBC}") = "SampleClient", "ToolsAndLibraries\SampleClient\SampleClient.csproj", "{7B8E9D8D-AD2E-4E23-BE6C-317DD117A16A}"
EndProject
Global
	GlobalSection(SolutionConfigurationPlatforms) = preSolution
		Debug|Any CPU = Debug|Any CPU
		Debug|Mixed Platforms = Debug|Mixed Platforms
		Debug|Win32 = Debug|Win32
		Debug|x64 = Debug|x64
		Debug|x86 = Debug|x86
		Release|Any CPU = Release|Any CPU
		Release|Mixed Platforms = Release|Mixed Platforms
		Release|Win32 = Release|Win32
		Release|x64 = Release|x64
		Release|x86 = Release|x86
		Win10 Debug|Any CPU = Win10 Debug|Any CPU
		Win10 Debug|Mixed Platforms = Win10 Debug|Mixed Platforms
		Win10 Debug|Win32 = Win10 Debug|Win32
		Win10 Debug|x64 = Win10 Debug|x64
		Win10 Debug|x86 = Win10 Debug|x86
		Win10 Release|Any CPU = Win10 Release|Any CPU
		Win10 Release|Mixed Platforms = Win10 Release|Mixed Platforms
		Win10 Release|Win32 = Win10 Release|Win32
		Win10 Release|x64 = Win10 Release|x64
		Win10 Release|x86 = Win10 Release|x86
	EndGlobalSection
	GlobalSection(ProjectConfigurationPlatforms) = postSolution
		{F0F6D412-32F7-494E-89F1-02FB73355204}.Debug|Any CPU.ActiveCfg = Debug|Any CPU
		{F0F6D412-32F7-494E-89F1-02FB73355204}.Debug|Any CPU.Build.0 = Debug|Any CPU
		{F0F6D412-32F7-494E-89F1-02FB73355204}.Debug|Mixed Platforms.ActiveCfg = Debug|Any CPU
		{F0F6D412-32F7-494E-89F1-02FB73355204}.Debug|Mixed Platforms.Build.0 = Debug|Any CPU
		{F0F6D412-32F7-494E-89F1-02FB73355204}.Debug|Win32.ActiveCfg = Debug|Any CPU
		{F0F6D412-32F7-494E-89F1-02FB73355204}.Debug|Win32.Build.0 = Debug|Any CPU
		{F0F6D412-32F7-494E-89F1-02FB73355204}.Debug|x64.ActiveCfg = Debug|Any CPU
		{F0F6D412-32F7-494E-89F1-02FB73355204}.Debug|x64.Build.0 = Debug|Any CPU
		{F0F6D412-32F7-494E-89F1-02FB73355204}.Debug|x86.ActiveCfg = Debug|Any CPU
		{F0F6D412-32F7-494E-89F1-02FB73355204}.Debug|x86.Build.0 = Debug|Any CPU
		{F0F6D412-32F7-494E-89F1-02FB73355204}.Release|Any CPU.ActiveCfg = Release|Any CPU
		{F0F6D412-32F7-494E-89F1-02FB73355204}.Release|Any CPU.Build.0 = Release|Any CPU
		{F0F6D412-32F7-494E-89F1-02FB73355204}.Release|Mixed Platforms.ActiveCfg = Release|Any CPU
		{F0F6D412-32F7-494E-89F1-02FB73355204}.Release|Mixed Platforms.Build.0 = Release|Any CPU
		{F0F6D412-32F7-494E-89F1-02FB73355204}.Release|Win32.ActiveCfg = Release|Any CPU
		{F0F6D412-32F7-494E-89F1-02FB73355204}.Release|Win32.Build.0 = Release|Any CPU
		{F0F6D412-32F7-494E-89F1-02FB73355204}.Release|x64.ActiveCfg = Release|Any CPU
		{F0F6D412-32F7-494E-89F1-02FB73355204}.Release|x64.Build.0 = Release|Any CPU
		{F0F6D412-32F7-494E-89F1-02FB73355204}.Release|x86.ActiveCfg = Release|Any CPU
		{F0F6D412-32F7-494E-89F1-02FB73355204}.Release|x86.Build.0 = Release|Any CPU
		{F0F6D412-32F7-494E-89F1-02FB73355204}.Win10 Debug|Any CPU.ActiveCfg = Debug|Any CPU
		{F0F6D412-32F7-494E-89F1-02FB73355204}.Win10 Debug|Any CPU.Build.0 = Debug|Any CPU
		{F0F6D412-32F7-494E-89F1-02FB73355204}.Win10 Debug|Mixed Platforms.ActiveCfg = Debug|Any CPU
		{F0F6D412-32F7-494E-89F1-02FB73355204}.Win10 Debug|Mixed Platforms.Build.0 = Debug|Any CPU
		{F0F6D412-32F7-494E-89F1-02FB73355204}.Win10 Debug|Win32.ActiveCfg = Debug|Any CPU
		{F0F6D412-32F7-494E-89F1-02FB73355204}.Win10 Debug|Win32.Build.0 = Debug|Any CPU
		{F0F6D412-32F7-494E-89F1-02FB73355204}.Win10 Debug|x64.ActiveCfg = Debug|Any CPU
		{F0F6D412-32F7-494E-89F1-02FB73355204}.Win10 Debug|x64.Build.0 = Debug|Any CPU
		{F0F6D412-32F7-494E-89F1-02FB73355204}.Win10 Debug|x86.ActiveCfg = Debug|Any CPU
		{F0F6D412-32F7-494E-89F1-02FB73355204}.Win10 Debug|x86.Build.0 = Debug|Any CPU
		{F0F6D412-32F7-494E-89F1-02FB73355204}.Win10 Release|Any CPU.ActiveCfg = Release|Any CPU
		{F0F6D412-32F7-494E-89F1-02FB73355204}.Win10 Release|Any CPU.Build.0 = Release|Any CPU
		{F0F6D412-32F7-494E-89F1-02FB73355204}.Win10 Release|Mixed Platforms.ActiveCfg = Release|Any CPU
		{F0F6D412-32F7-494E-89F1-02FB73355204}.Win10 Release|Mixed Platforms.Build.0 = Release|Any CPU
		{F0F6D412-32F7-494E-89F1-02FB73355204}.Win10 Release|Win32.ActiveCfg = Release|Any CPU
		{F0F6D412-32F7-494E-89F1-02FB73355204}.Win10 Release|Win32.Build.0 = Release|Any CPU
		{F0F6D412-32F7-494E-89F1-02FB73355204}.Win10 Release|x64.ActiveCfg = Debug|Any CPU
		{F0F6D412-32F7-494E-89F1-02FB73355204}.Win10 Release|x64.Build.0 = Debug|Any CPU
		{F0F6D412-32F7-494E-89F1-02FB73355204}.Win10 Release|x86.ActiveCfg = Release|Any CPU
		{F0F6D412-32F7-494E-89F1-02FB73355204}.Win10 Release|x86.Build.0 = Release|Any CPU
		{13AD5622-8B1C-47F5-9062-A0ACB26576DD}.Debug|Any CPU.ActiveCfg = Win10 Debug|x64
		{13AD5622-8B1C-47F5-9062-A0ACB26576DD}.Debug|Any CPU.Build.0 = Win10 Debug|x64
		{13AD5622-8B1C-47F5-9062-A0ACB26576DD}.Debug|Any CPU.Deploy.0 = Win10 Debug|x64
		{13AD5622-8B1C-47F5-9062-A0ACB26576DD}.Debug|Mixed Platforms.ActiveCfg = Win10 Debug|Win32
		{13AD5622-8B1C-47F5-9062-A0ACB26576DD}.Debug|Mixed Platforms.Build.0 = Win10 Debug|Win32
		{13AD5622-8B1C-47F5-9062-A0ACB26576DD}.Debug|Mixed Platforms.Deploy.0 = Win10 Debug|Win32
		{13AD5622-8B1C-47F5-9062-A0ACB26576DD}.Debug|Win32.ActiveCfg = Win10 Debug|Win32
		{13AD5622-8B1C-47F5-9062-A0ACB26576DD}.Debug|Win32.Build.0 = Win10 Debug|Win32
		{13AD5622-8B1C-47F5-9062-A0ACB26576DD}.Debug|Win32.Deploy.0 = Win10 Debug|Win32
		{13AD5622-8B1C-47F5-9062-A0ACB26576DD}.Debug|x64.ActiveCfg = Win10 Debug|x64
		{13AD5622-8B1C-47F5-9062-A0ACB26576DD}.Debug|x64.Build.0 = Win10 Debug|x64
		{13AD5622-8B1C-47F5-9062-A0ACB26576DD}.Debug|x64.Deploy.0 = Win10 Debug|x64
		{13AD5622-8B1C-47F5-9062-A0ACB26576DD}.Debug|x86.ActiveCfg = Win10 Debug|Win32
		{13AD5622-8B1C-47F5-9062-A0ACB26576DD}.Debug|x86.Build.0 = Win10 Debug|Win32
		{13AD5622-8B1C-47F5-9062-A0ACB26576DD}.Debug|x86.Deploy.0 = Win10 Debug|Win32
		{13AD5622-8B1C-47F5-9062-A0ACB26576DD}.Release|Any CPU.ActiveCfg = Win10 Debug|x64
		{13AD5622-8B1C-47F5-9062-A0ACB26576DD}.Release|Any CPU.Build.0 = Win10 Debug|x64
		{13AD5622-8B1C-47F5-9062-A0ACB26576DD}.Release|Any CPU.Deploy.0 = Win10 Debug|x64
		{13AD5622-8B1C-47F5-9062-A0ACB26576DD}.Release|Mixed Platforms.ActiveCfg = Win10 Release|Win32
		{13AD5622-8B1C-47F5-9062-A0ACB26576DD}.Release|Mixed Platforms.Build.0 = Win10 Release|Win32
		{13AD5622-8B1C-47F5-9062-A0ACB26576DD}.Release|Mixed Platforms.Deploy.0 = Win10 Release|Win32
		{13AD5622-8B1C-47F5-9062-A0ACB26576DD}.Release|Win32.ActiveCfg = Win10 Release|Win32
		{13AD5622-8B1C-47F5-9062-A0ACB26576DD}.Release|Win32.Build.0 = Win10 Release|Win32
		{13AD5622-8B1C-47F5-9062-A0ACB26576DD}.Release|Win32.Deploy.0 = Win10 Release|Win32
		{13AD5622-8B1C-47F5-9062-A0ACB26576DD}.Release|x64.ActiveCfg = Win10 Release|x64
		{13AD5622-8B1C-47F5-9062-A0ACB26576DD}.Release|x64.Build.0 = Win10 Release|x64
		{13AD5622-8B1C-47F5-9062-A0ACB26576DD}.Release|x64.Deploy.0 = Win10 Release|x64
		{13AD5622-8B1C-47F5-9062-A0ACB26576DD}.Release|x86.ActiveCfg = Win10 Release|Win32
		{13AD5622-8B1C-47F5-9062-A0ACB26576DD}.Release|x86.Build.0 = Win10 Release|Win32
		{13AD5622-8B1C-47F5-9062-A0ACB26576DD}.Release|x86.Deploy.0 = Win10 Release|Win32
		{13AD5622-8B1C-47F5-9062-A0ACB26576DD}.Win10 Debug|Any CPU.ActiveCfg = Win10 Debug|Win32
		{13AD5622-8B1C-47F5-9062-A0ACB26576DD}.Win10 Debug|Mixed Platforms.ActiveCfg = Win10 Debug|Win32
		{13AD5622-8B1C-47F5-9062-A0ACB26576DD}.Win10 Debug|Mixed Platforms.Build.0 = Win10 Debug|Win32
		{13AD5622-8B1C-47F5-9062-A0ACB26576DD}.Win10 Debug|Mixed Platforms.Deploy.0 = Win10 Debug|Win32
		{13AD5622-8B1C-47F5-9062-A0ACB26576DD}.Win10 Debug|Win32.ActiveCfg = Win10 Debug|Win32
		{13AD5622-8B1C-47F5-9062-A0ACB26576DD}.Win10 Debug|Win32.Build.0 = Win10 Debug|Win32
		{13AD5622-8B1C-47F5-9062-A0ACB26576DD}.Win10 Debug|Win32.Deploy.0 = Win10 Debug|Win32
		{13AD5622-8B1C-47F5-9062-A0ACB26576DD}.Win10 Debug|x64.ActiveCfg = Win10 Debug|x64
		{13AD5622-8B1C-47F5-9062-A0ACB26576DD}.Win10 Debug|x64.Build.0 = Win10 Debug|x64
		{13AD5622-8B1C-47F5-9062-A0ACB26576DD}.Win10 Debug|x64.Deploy.0 = Win10 Debug|x64
		{13AD5622-8B1C-47F5-9062-A0ACB26576DD}.Win10 Debug|x86.ActiveCfg = Win10 Debug|Win32
		{13AD5622-8B1C-47F5-9062-A0ACB26576DD}.Win10 Debug|x86.Build.0 = Win10 Debug|Win32
		{13AD5622-8B1C-47F5-9062-A0ACB26576DD}.Win10 Debug|x86.Deploy.0 = Win10 Debug|Win32
		{13AD5622-8B1C-47F5-9062-A0ACB26576DD}.Win10 Release|Any CPU.ActiveCfg = Win10 Release|Win32
		{13AD5622-8B1C-47F5-9062-A0ACB26576DD}.Win10 Release|Mixed Platforms.ActiveCfg = Win10 Release|Win32
		{13AD5622-8B1C-47F5-9062-A0ACB26576DD}.Win10 Release|Mixed Platforms.Build.0 = Win10 Release|Win32
		{13AD5622-8B1C-47F5-9062-A0ACB26576DD}.Win10 Release|Mixed Platforms.Deploy.0 = Win10 Release|Win32
		{13AD5622-8B1C-47F5-9062-A0ACB26576DD}.Win10 Release|Win32.ActiveCfg = Win10 Release|Win32
		{13AD5622-8B1C-47F5-9062-A0ACB26576DD}.Win10 Release|Win32.Build.0 = Win10 Release|Win32
		{13AD5622-8B1C-47F5-9062-A0ACB26576DD}.Win10 Release|Win32.Deploy.0 = Win10 Release|Win32
		{13AD5622-8B1C-47F5-9062-A0ACB26576DD}.Win10 Release|x64.ActiveCfg = Win10 Release|x64
		{13AD5622-8B1C-47F5-9062-A0ACB26576DD}.Win10 Release|x64.Build.0 = Win10 Release|x64
		{13AD5622-8B1C-47F5-9062-A0ACB26576DD}.Win10 Release|x64.Deploy.0 = Win10 Release|x64
		{13AD5622-8B1C-47F5-9062-A0ACB26576DD}.Win10 Release|x86.ActiveCfg = Win10 Release|Win32
		{13AD5622-8B1C-47F5-9062-A0ACB26576DD}.Win10 Release|x86.Build.0 = Win10 Release|Win32
		{13AD5622-8B1C-47F5-9062-A0ACB26576DD}.Win10 Release|x86.Deploy.0 = Win10 Release|Win32
		{4A6EB8CA-B376-4BFE-BAB0-0E311B5507AC}.Debug|Any CPU.ActiveCfg = Debug|Any CPU
		{4A6EB8CA-B376-4BFE-BAB0-0E311B5507AC}.Debug|Any CPU.Build.0 = Debug|Any CPU
		{4A6EB8CA-B376-4BFE-BAB0-0E311B5507AC}.Debug|Mixed Platforms.ActiveCfg = Debug|Any CPU
		{4A6EB8CA-B376-4BFE-BAB0-0E311B5507AC}.Debug|Mixed Platforms.Build.0 = Debug|Any CPU
		{4A6EB8CA-B376-4BFE-BAB0-0E311B5507AC}.Debug|Win32.ActiveCfg = Debug|Any CPU
		{4A6EB8CA-B376-4BFE-BAB0-0E311B5507AC}.Debug|Win32.Build.0 = Debug|Any CPU
		{4A6EB8CA-B376-4BFE-BAB0-0E311B5507AC}.Debug|x64.ActiveCfg = Debug|Any CPU
		{4A6EB8CA-B376-4BFE-BAB0-0E311B5507AC}.Debug|x64.Build.0 = Debug|Any CPU
		{4A6EB8CA-B376-4BFE-BAB0-0E311B5507AC}.Debug|x86.ActiveCfg = Debug|Any CPU
		{4A6EB8CA-B376-4BFE-BAB0-0E311B5507AC}.Debug|x86.Build.0 = Debug|Any CPU
		{4A6EB8CA-B376-4BFE-BAB0-0E311B5507AC}.Release|Any CPU.ActiveCfg = Release|Any CPU
		{4A6EB8CA-B376-4BFE-BAB0-0E311B5507AC}.Release|Any CPU.Build.0 = Release|Any CPU
		{4A6EB8CA-B376-4BFE-BAB0-0E311B5507AC}.Release|Mixed Platforms.ActiveCfg = Release|Any CPU
		{4A6EB8CA-B376-4BFE-BAB0-0E311B5507AC}.Release|Mixed Platforms.Build.0 = Release|Any CPU
		{4A6EB8CA-B376-4BFE-BAB0-0E311B5507AC}.Release|Win32.ActiveCfg = Release|Any CPU
		{4A6EB8CA-B376-4BFE-BAB0-0E311B5507AC}.Release|Win32.Build.0 = Release|Any CPU
		{4A6EB8CA-B376-4BFE-BAB0-0E311B5507AC}.Release|x64.ActiveCfg = Release|Any CPU
		{4A6EB8CA-B376-4BFE-BAB0-0E311B5507AC}.Release|x64.Build.0 = Release|Any CPU
		{4A6EB8CA-B376-4BFE-BAB0-0E311B5507AC}.Release|x86.ActiveCfg = Release|Any CPU
		{4A6EB8CA-B376-4BFE-BAB0-0E311B5507AC}.Release|x86.Build.0 = Release|Any CPU
		{4A6EB8CA-B376-4BFE-BAB0-0E311B5507AC}.Win10 Debug|Any CPU.ActiveCfg = Debug|Any CPU
		{4A6EB8CA-B376-4BFE-BAB0-0E311B5507AC}.Win10 Debug|Any CPU.Build.0 = Debug|Any CPU
		{4A6EB8CA-B376-4BFE-BAB0-0E311B5507AC}.Win10 Debug|Mixed Platforms.ActiveCfg = Debug|Any CPU
		{4A6EB8CA-B376-4BFE-BAB0-0E311B5507AC}.Win10 Debug|Mixed Platforms.Build.0 = Debug|Any CPU
		{4A6EB8CA-B376-4BFE-BAB0-0E311B5507AC}.Win10 Debug|Win32.ActiveCfg = Debug|Any CPU
		{4A6EB8CA-B376-4BFE-BAB0-0E311B5507AC}.Win10 Debug|Win32.Build.0 = Debug|Any CPU
		{4A6EB8CA-B376-4BFE-BAB0-0E311B5507AC}.Win10 Debug|x64.ActiveCfg = Debug|Any CPU
		{4A6EB8CA-B376-4BFE-BAB0-0E311B5507AC}.Win10 Debug|x64.Build.0 = Debug|Any CPU
		{4A6EB8CA-B376-4BFE-BAB0-0E311B5507AC}.Win10 Debug|x86.ActiveCfg = Debug|Any CPU
		{4A6EB8CA-B376-4BFE-BAB0-0E311B5507AC}.Win10 Debug|x86.Build.0 = Debug|Any CPU
		{4A6EB8CA-B376-4BFE-BAB0-0E311B5507AC}.Win10 Release|Any CPU.ActiveCfg = Release|Any CPU
		{4A6EB8CA-B376-4BFE-BAB0-0E311B5507AC}.Win10 Release|Any CPU.Build.0 = Release|Any CPU
		{4A6EB8CA-B376-4BFE-BAB0-0E311B5507AC}.Win10 Release|Mixed Platforms.ActiveCfg = Release|Any CPU
		{4A6EB8CA-B376-4BFE-BAB0-0E311B5507AC}.Win10 Release|Mixed Platforms.Build.0 = Release|Any CPU
		{4A6EB8CA-B376-4BFE-BAB0-0E311B5507AC}.Win10 Release|Win32.ActiveCfg = Release|Any CPU
		{4A6EB8CA-B376-4BFE-BAB0-0E311B5507AC}.Win10 Release|Win32.Build.0 = Release|Any CPU
		{4A6EB8CA-B376-4BFE-BAB0-0E311B5507AC}.Win10 Release|x64.ActiveCfg = Debug|Any CPU
		{4A6EB8CA-B376-4BFE-BAB0-0E311B5507AC}.Win10 Release|x64.Build.0 = Debug|Any CPU
		{4A6EB8CA-B376-4BFE-BAB0-0E311B5507AC}.Win10 Release|x86.ActiveCfg = Release|Any CPU
		{4A6EB8CA-B376-4BFE-BAB0-0E311B5507AC}.Win10 Release|x86.Build.0 = Release|Any CPU
		{9EBE4445-3678-4C54-BEA4-35E7FE219B79}.Debug|Any CPU.ActiveCfg = Debug|Any CPU
		{9EBE4445-3678-4C54-BEA4-35E7FE219B79}.Debug|Any CPU.Build.0 = Debug|Any CPU
		{9EBE4445-3678-4C54-BEA4-35E7FE219B79}.Debug|Mixed Platforms.ActiveCfg = Debug|Any CPU
		{9EBE4445-3678-4C54-BEA4-35E7FE219B79}.Debug|Mixed Platforms.Build.0 = Debug|Any CPU
		{9EBE4445-3678-4C54-BEA4-35E7FE219B79}.Debug|Win32.ActiveCfg = Debug|Any CPU
		{9EBE4445-3678-4C54-BEA4-35E7FE219B79}.Debug|Win32.Build.0 = Debug|Any CPU
		{9EBE4445-3678-4C54-BEA4-35E7FE219B79}.Debug|x64.ActiveCfg = Debug|Any CPU
		{9EBE4445-3678-4C54-BEA4-35E7FE219B79}.Debug|x64.Build.0 = Debug|Any CPU
		{9EBE4445-3678-4C54-BEA4-35E7FE219B79}.Debug|x86.ActiveCfg = Debug|Any CPU
		{9EBE4445-3678-4C54-BEA4-35E7FE219B79}.Debug|x86.Build.0 = Debug|Any CPU
		{9EBE4445-3678-4C54-BEA4-35E7FE219B79}.Release|Any CPU.ActiveCfg = Release|Any CPU
		{9EBE4445-3678-4C54-BEA4-35E7FE219B79}.Release|Any CPU.Build.0 = Release|Any CPU
		{9EBE4445-3678-4C54-BEA4-35E7FE219B79}.Release|Mixed Platforms.ActiveCfg = Release|Any CPU
		{9EBE4445-3678-4C54-BEA4-35E7FE219B79}.Release|Mixed Platforms.Build.0 = Release|Any CPU
		{9EBE4445-3678-4C54-BEA4-35E7FE219B79}.Release|Win32.ActiveCfg = Release|Any CPU
		{9EBE4445-3678-4C54-BEA4-35E7FE219B79}.Release|Win32.Build.0 = Release|Any CPU
		{9EBE4445-3678-4C54-BEA4-35E7FE219B79}.Release|x64.ActiveCfg = Release|Any CPU
		{9EBE4445-3678-4C54-BEA4-35E7FE219B79}.Release|x64.Build.0 = Release|Any CPU
		{9EBE4445-3678-4C54-BEA4-35E7FE219B79}.Release|x86.ActiveCfg = Release|Any CPU
		{9EBE4445-3678-4C54-BEA4-35E7FE219B79}.Release|x86.Build.0 = Release|Any CPU
		{9EBE4445-3678-4C54-BEA4-35E7FE219B79}.Win10 Debug|Any CPU.ActiveCfg = Debug|Any CPU
		{9EBE4445-3678-4C54-BEA4-35E7FE219B79}.Win10 Debug|Any CPU.Build.0 = Debug|Any CPU
		{9EBE4445-3678-4C54-BEA4-35E7FE219B79}.Win10 Debug|Mixed Platforms.ActiveCfg = Debug|Any CPU
		{9EBE4445-3678-4C54-BEA4-35E7FE219B79}.Win10 Debug|Mixed Platforms.Build.0 = Debug|Any CPU
		{9EBE4445-3678-4C54-BEA4-35E7FE219B79}.Win10 Debug|Win32.ActiveCfg = Debug|Any CPU
		{9EBE4445-3678-4C54-BEA4-35E7FE219B79}.Win10 Debug|Win32.Build.0 = Debug|Any CPU
		{9EBE4445-3678-4C54-BEA4-35E7FE219B79}.Win10 Debug|x64.ActiveCfg = Debug|Any CPU
		{9EBE4445-3678-4C54-BEA4-35E7FE219B79}.Win10 Debug|x64.Build.0 = Debug|Any CPU
		{9EBE4445-3678-4C54-BEA4-35E7FE219B79}.Win10 Debug|x86.ActiveCfg = Debug|Any CPU
		{9EBE4445-3678-4C54-BEA4-35E7FE219B79}.Win10 Debug|x86.Build.0 = Debug|Any CPU
		{9EBE4445-3678-4C54-BEA4-35E7FE219B79}.Win10 Release|Any CPU.ActiveCfg = Release|Any CPU
		{9EBE4445-3678-4C54-BEA4-35E7FE219B79}.Win10 Release|Any CPU.Build.0 = Release|Any CPU
		{9EBE4445-3678-4C54-BEA4-35E7FE219B79}.Win10 Release|Mixed Platforms.ActiveCfg = Release|Any CPU
		{9EBE4445-3678-4C54-BEA4-35E7FE219B79}.Win10 Release|Mixed Platforms.Build.0 = Release|Any CPU
		{9EBE4445-3678-4C54-BEA4-35E7FE219B79}.Win10 Release|Win32.ActiveCfg = Release|Any CPU
		{9EBE4445-3678-4C54-BEA4-35E7FE219B79}.Win10 Release|Win32.Build.0 = Release|Any CPU
		{9EBE4445-3678-4C54-BEA4-35E7FE219B79}.Win10 Release|x64.ActiveCfg = Debug|Any CPU
		{9EBE4445-3678-4C54-BEA4-35E7FE219B79}.Win10 Release|x64.Build.0 = Debug|Any CPU
		{9EBE4445-3678-4C54-BEA4-35E7FE219B79}.Win10 Release|x86.ActiveCfg = Release|Any CPU
		{9EBE4445-3678-4C54-BEA4-35E7FE219B79}.Win10 Release|x86.Build.0 = Release|Any CPU
		{0C122C40-D262-4DAF-9F61-E9EC08047D61}.Debug|Any CPU.ActiveCfg = Debug|Any CPU
		{0C122C40-D262-4DAF-9F61-E9EC08047D61}.Debug|Any CPU.Build.0 = Debug|Any CPU
		{0C122C40-D262-4DAF-9F61-E9EC08047D61}.Debug|Mixed Platforms.ActiveCfg = Debug|Any CPU
		{0C122C40-D262-4DAF-9F61-E9EC08047D61}.Debug|Mixed Platforms.Build.0 = Debug|Any CPU
		{0C122C40-D262-4DAF-9F61-E9EC08047D61}.Debug|Win32.ActiveCfg = Debug|Any CPU
		{0C122C40-D262-4DAF-9F61-E9EC08047D61}.Debug|Win32.Build.0 = Debug|Any CPU
		{0C122C40-D262-4DAF-9F61-E9EC08047D61}.Debug|x64.ActiveCfg = Debug|Any CPU
		{0C122C40-D262-4DAF-9F61-E9EC08047D61}.Debug|x64.Build.0 = Debug|Any CPU
		{0C122C40-D262-4DAF-9F61-E9EC08047D61}.Debug|x86.ActiveCfg = Debug|Any CPU
		{0C122C40-D262-4DAF-9F61-E9EC08047D61}.Debug|x86.Build.0 = Debug|Any CPU
		{0C122C40-D262-4DAF-9F61-E9EC08047D61}.Release|Any CPU.ActiveCfg = Release|Any CPU
		{0C122C40-D262-4DAF-9F61-E9EC08047D61}.Release|Any CPU.Build.0 = Release|Any CPU
		{0C122C40-D262-4DAF-9F61-E9EC08047D61}.Release|Mixed Platforms.ActiveCfg = Release|Any CPU
		{0C122C40-D262-4DAF-9F61-E9EC08047D61}.Release|Mixed Platforms.Build.0 = Release|Any CPU
		{0C122C40-D262-4DAF-9F61-E9EC08047D61}.Release|Win32.ActiveCfg = Release|Any CPU
		{0C122C40-D262-4DAF-9F61-E9EC08047D61}.Release|Win32.Build.0 = Release|Any CPU
		{0C122C40-D262-4DAF-9F61-E9EC08047D61}.Release|x64.ActiveCfg = Release|Any CPU
		{0C122C40-D262-4DAF-9F61-E9EC08047D61}.Release|x64.Build.0 = Release|Any CPU
		{0C122C40-D262-4DAF-9F61-E9EC08047D61}.Release|x86.ActiveCfg = Release|Any CPU
		{0C122C40-D262-4DAF-9F61-E9EC08047D61}.Release|x86.Build.0 = Release|Any CPU
		{0C122C40-D262-4DAF-9F61-E9EC08047D61}.Win10 Debug|Any CPU.ActiveCfg = Debug|Any CPU
		{0C122C40-D262-4DAF-9F61-E9EC08047D61}.Win10 Debug|Any CPU.Build.0 = Debug|Any CPU
		{0C122C40-D262-4DAF-9F61-E9EC08047D61}.Win10 Debug|Mixed Platforms.ActiveCfg = Debug|Any CPU
		{0C122C40-D262-4DAF-9F61-E9EC08047D61}.Win10 Debug|Mixed Platforms.Build.0 = Debug|Any CPU
		{0C122C40-D262-4DAF-9F61-E9EC08047D61}.Win10 Debug|Win32.ActiveCfg = Debug|Any CPU
		{0C122C40-D262-4DAF-9F61-E9EC08047D61}.Win10 Debug|Win32.Build.0 = Debug|Any CPU
		{0C122C40-D262-4DAF-9F61-E9EC08047D61}.Win10 Debug|x64.ActiveCfg = Debug|Any CPU
		{0C122C40-D262-4DAF-9F61-E9EC08047D61}.Win10 Debug|x64.Build.0 = Debug|Any CPU
		{0C122C40-D262-4DAF-9F61-E9EC08047D61}.Win10 Debug|x86.ActiveCfg = Debug|Any CPU
		{0C122C40-D262-4DAF-9F61-E9EC08047D61}.Win10 Debug|x86.Build.0 = Debug|Any CPU
		{0C122C40-D262-4DAF-9F61-E9EC08047D61}.Win10 Release|Any CPU.ActiveCfg = Release|Any CPU
		{0C122C40-D262-4DAF-9F61-E9EC08047D61}.Win10 Release|Any CPU.Build.0 = Release|Any CPU
		{0C122C40-D262-4DAF-9F61-E9EC08047D61}.Win10 Release|Mixed Platforms.ActiveCfg = Release|Any CPU
		{0C122C40-D262-4DAF-9F61-E9EC08047D61}.Win10 Release|Mixed Platforms.Build.0 = Release|Any CPU
		{0C122C40-D262-4DAF-9F61-E9EC08047D61}.Win10 Release|Win32.ActiveCfg = Release|Any CPU
		{0C122C40-D262-4DAF-9F61-E9EC08047D61}.Win10 Release|Win32.Build.0 = Release|Any CPU
		{0C122C40-D262-4DAF-9F61-E9EC08047D61}.Win10 Release|x64.ActiveCfg = Debug|Any CPU
		{0C122C40-D262-4DAF-9F61-E9EC08047D61}.Win10 Release|x64.Build.0 = Debug|Any CPU
		{0C122C40-D262-4DAF-9F61-E9EC08047D61}.Win10 Release|x86.ActiveCfg = Release|Any CPU
		{0C122C40-D262-4DAF-9F61-E9EC08047D61}.Win10 Release|x86.Build.0 = Release|Any CPU
		{C80A3B72-E9D6-43E9-A92B-F58CC61EB8FF}.Debug|Any CPU.ActiveCfg = Debug|Any CPU
		{C80A3B72-E9D6-43E9-A92B-F58CC61EB8FF}.Debug|Any CPU.Build.0 = Debug|Any CPU
		{C80A3B72-E9D6-43E9-A92B-F58CC61EB8FF}.Debug|Mixed Platforms.ActiveCfg = Debug|Any CPU
		{C80A3B72-E9D6-43E9-A92B-F58CC61EB8FF}.Debug|Mixed Platforms.Build.0 = Debug|Any CPU
		{C80A3B72-E9D6-43E9-A92B-F58CC61EB8FF}.Debug|Win32.ActiveCfg = Debug|Any CPU
		{C80A3B72-E9D6-43E9-A92B-F58CC61EB8FF}.Debug|Win32.Build.0 = Debug|Any CPU
		{C80A3B72-E9D6-43E9-A92B-F58CC61EB8FF}.Debug|x64.ActiveCfg = Debug|Any CPU
		{C80A3B72-E9D6-43E9-A92B-F58CC61EB8FF}.Debug|x64.Build.0 = Debug|Any CPU
		{C80A3B72-E9D6-43E9-A92B-F58CC61EB8FF}.Debug|x86.ActiveCfg = Debug|Any CPU
		{C80A3B72-E9D6-43E9-A92B-F58CC61EB8FF}.Debug|x86.Build.0 = Debug|Any CPU
		{C80A3B72-E9D6-43E9-A92B-F58CC61EB8FF}.Release|Any CPU.ActiveCfg = Release|Any CPU
		{C80A3B72-E9D6-43E9-A92B-F58CC61EB8FF}.Release|Any CPU.Build.0 = Release|Any CPU
		{C80A3B72-E9D6-43E9-A92B-F58CC61EB8FF}.Release|Mixed Platforms.ActiveCfg = Release|Any CPU
		{C80A3B72-E9D6-43E9-A92B-F58CC61EB8FF}.Release|Mixed Platforms.Build.0 = Release|Any CPU
		{C80A3B72-E9D6-43E9-A92B-F58CC61EB8FF}.Release|Win32.ActiveCfg = Release|Any CPU
		{C80A3B72-E9D6-43E9-A92B-F58CC61EB8FF}.Release|Win32.Build.0 = Release|Any CPU
		{C80A3B72-E9D6-43E9-A92B-F58CC61EB8FF}.Release|x64.ActiveCfg = Release|Any CPU
		{C80A3B72-E9D6-43E9-A92B-F58CC61EB8FF}.Release|x64.Build.0 = Release|Any CPU
		{C80A3B72-E9D6-43E9-A92B-F58CC61EB8FF}.Release|x86.ActiveCfg = Release|Any CPU
		{C80A3B72-E9D6-43E9-A92B-F58CC61EB8FF}.Release|x86.Build.0 = Release|Any CPU
		{C80A3B72-E9D6-43E9-A92B-F58CC61EB8FF}.Win10 Debug|Any CPU.ActiveCfg = Debug|Any CPU
		{C80A3B72-E9D6-43E9-A92B-F58CC61EB8FF}.Win10 Debug|Any CPU.Build.0 = Debug|Any CPU
		{C80A3B72-E9D6-43E9-A92B-F58CC61EB8FF}.Win10 Debug|Mixed Platforms.ActiveCfg = Debug|Any CPU
		{C80A3B72-E9D6-43E9-A92B-F58CC61EB8FF}.Win10 Debug|Mixed Platforms.Build.0 = Debug|Any CPU
		{C80A3B72-E9D6-43E9-A92B-F58CC61EB8FF}.Win10 Debug|Win32.ActiveCfg = Debug|Any CPU
		{C80A3B72-E9D6-43E9-A92B-F58CC61EB8FF}.Win10 Debug|Win32.Build.0 = Debug|Any CPU
		{C80A3B72-E9D6-43E9-A92B-F58CC61EB8FF}.Win10 Debug|x64.ActiveCfg = Debug|Any CPU
		{C80A3B72-E9D6-43E9-A92B-F58CC61EB8FF}.Win10 Debug|x64.Build.0 = Debug|Any CPU
		{C80A3B72-E9D6-43E9-A92B-F58CC61EB8FF}.Win10 Debug|x86.ActiveCfg = Debug|Any CPU
		{C80A3B72-E9D6-43E9-A92B-F58CC61EB8FF}.Win10 Debug|x86.Build.0 = Debug|Any CPU
		{C80A3B72-E9D6-43E9-A92B-F58CC61EB8FF}.Win10 Release|Any CPU.ActiveCfg = Release|Any CPU
		{C80A3B72-E9D6-43E9-A92B-F58CC61EB8FF}.Win10 Release|Any CPU.Build.0 = Release|Any CPU
		{C80A3B72-E9D6-43E9-A92B-F58CC61EB8FF}.Win10 Release|Mixed Platforms.ActiveCfg = Release|Any CPU
		{C80A3B72-E9D6-43E9-A92B-F58CC61EB8FF}.Win10 Release|Mixed Platforms.Build.0 = Release|Any CPU
		{C80A3B72-E9D6-43E9-A92B-F58CC61EB8FF}.Win10 Release|Win32.ActiveCfg = Release|Any CPU
		{C80A3B72-E9D6-43E9-A92B-F58CC61EB8FF}.Win10 Release|Win32.Build.0 = Release|Any CPU
		{C80A3B72-E9D6-43E9-A92B-F58CC61EB8FF}.Win10 Release|x64.ActiveCfg = Debug|Any CPU
		{C80A3B72-E9D6-43E9-A92B-F58CC61EB8FF}.Win10 Release|x64.Build.0 = Debug|Any CPU
		{C80A3B72-E9D6-43E9-A92B-F58CC61EB8FF}.Win10 Release|x86.ActiveCfg = Release|Any CPU
		{C80A3B72-E9D6-43E9-A92B-F58CC61EB8FF}.Win10 Release|x86.Build.0 = Release|Any CPU
		{45FCB8E9-1EBE-4009-BE71-EB1287B374C9}.Debug|Any CPU.ActiveCfg = Debug|x86
		{45FCB8E9-1EBE-4009-BE71-EB1287B374C9}.Debug|Any CPU.Build.0 = Debug|x86
		{45FCB8E9-1EBE-4009-BE71-EB1287B374C9}.Debug|Mixed Platforms.ActiveCfg = Release|x86
		{45FCB8E9-1EBE-4009-BE71-EB1287B374C9}.Debug|Mixed Platforms.Build.0 = Release|x86
		{45FCB8E9-1EBE-4009-BE71-EB1287B374C9}.Debug|Win32.ActiveCfg = Debug|x86
		{45FCB8E9-1EBE-4009-BE71-EB1287B374C9}.Debug|Win32.Build.0 = Debug|x86
		{45FCB8E9-1EBE-4009-BE71-EB1287B374C9}.Debug|x64.ActiveCfg = Release|x64
		{45FCB8E9-1EBE-4009-BE71-EB1287B374C9}.Debug|x64.Build.0 = Release|x64
		{45FCB8E9-1EBE-4009-BE71-EB1287B374C9}.Debug|x86.ActiveCfg = Debug|x86
		{45FCB8E9-1EBE-4009-BE71-EB1287B374C9}.Debug|x86.Build.0 = Debug|x86
		{45FCB8E9-1EBE-4009-BE71-EB1287B374C9}.Release|Any CPU.ActiveCfg = Release|x86
		{45FCB8E9-1EBE-4009-BE71-EB1287B374C9}.Release|Any CPU.Build.0 = Release|x86
		{45FCB8E9-1EBE-4009-BE71-EB1287B374C9}.Release|Mixed Platforms.ActiveCfg = Release|x86
		{45FCB8E9-1EBE-4009-BE71-EB1287B374C9}.Release|Mixed Platforms.Build.0 = Release|x86
		{45FCB8E9-1EBE-4009-BE71-EB1287B374C9}.Release|Win32.ActiveCfg = Release|x86
		{45FCB8E9-1EBE-4009-BE71-EB1287B374C9}.Release|Win32.Build.0 = Release|x86
		{45FCB8E9-1EBE-4009-BE71-EB1287B374C9}.Release|x64.ActiveCfg = Debug|x64
		{45FCB8E9-1EBE-4009-BE71-EB1287B374C9}.Release|x64.Build.0 = Debug|x64
		{45FCB8E9-1EBE-4009-BE71-EB1287B374C9}.Release|x86.ActiveCfg = Release|x86
		{45FCB8E9-1EBE-4009-BE71-EB1287B374C9}.Release|x86.Build.0 = Release|x86
		{45FCB8E9-1EBE-4009-BE71-EB1287B374C9}.Win10 Debug|Any CPU.ActiveCfg = Debug|x86
		{45FCB8E9-1EBE-4009-BE71-EB1287B374C9}.Win10 Debug|Any CPU.Build.0 = Debug|x86
		{45FCB8E9-1EBE-4009-BE71-EB1287B374C9}.Win10 Debug|Mixed Platforms.ActiveCfg = Debug|x86
		{45FCB8E9-1EBE-4009-BE71-EB1287B374C9}.Win10 Debug|Mixed Platforms.Build.0 = Debug|x86
		{45FCB8E9-1EBE-4009-BE71-EB1287B374C9}.Win10 Debug|Win32.ActiveCfg = Debug|x86
		{45FCB8E9-1EBE-4009-BE71-EB1287B374C9}.Win10 Debug|Win32.Build.0 = Debug|x86
		{45FCB8E9-1EBE-4009-BE71-EB1287B374C9}.Win10 Debug|x64.ActiveCfg = Debug|x64
		{45FCB8E9-1EBE-4009-BE71-EB1287B374C9}.Win10 Debug|x64.Build.0 = Debug|x64
		{45FCB8E9-1EBE-4009-BE71-EB1287B374C9}.Win10 Debug|x86.ActiveCfg = Debug|x86
		{45FCB8E9-1EBE-4009-BE71-EB1287B374C9}.Win10 Debug|x86.Build.0 = Debug|x86
		{45FCB8E9-1EBE-4009-BE71-EB1287B374C9}.Win10 Release|Any CPU.ActiveCfg = Release|x86
		{45FCB8E9-1EBE-4009-BE71-EB1287B374C9}.Win10 Release|Any CPU.Build.0 = Release|x86
		{45FCB8E9-1EBE-4009-BE71-EB1287B374C9}.Win10 Release|Mixed Platforms.ActiveCfg = Release|x86
		{45FCB8E9-1EBE-4009-BE71-EB1287B374C9}.Win10 Release|Mixed Platforms.Build.0 = Release|x86
		{45FCB8E9-1EBE-4009-BE71-EB1287B374C9}.Win10 Release|Win32.ActiveCfg = Release|x86
		{45FCB8E9-1EBE-4009-BE71-EB1287B374C9}.Win10 Release|Win32.Build.0 = Release|x86
		{45FCB8E9-1EBE-4009-BE71-EB1287B374C9}.Win10 Release|x64.ActiveCfg = Release|x64
		{45FCB8E9-1EBE-4009-BE71-EB1287B374C9}.Win10 Release|x64.Build.0 = Release|x64
		{45FCB8E9-1EBE-4009-BE71-EB1287B374C9}.Win10 Release|x86.ActiveCfg = Release|x86
		{45FCB8E9-1EBE-4009-BE71-EB1287B374C9}.Win10 Release|x86.Build.0 = Release|x86
		{F94D238E-21CA-47DF-A5A5-9EB0162F30FD}.Debug|Any CPU.ActiveCfg = Win10 Debug|x64
		{F94D238E-21CA-47DF-A5A5-9EB0162F30FD}.Debug|Any CPU.Build.0 = Win10 Debug|x64
		{F94D238E-21CA-47DF-A5A5-9EB0162F30FD}.Debug|Any CPU.Deploy.0 = Win10 Debug|x64
		{F94D238E-21CA-47DF-A5A5-9EB0162F30FD}.Debug|Mixed Platforms.ActiveCfg = Win10 Debug|Win32
		{F94D238E-21CA-47DF-A5A5-9EB0162F30FD}.Debug|Mixed Platforms.Build.0 = Win10 Debug|Win32
		{F94D238E-21CA-47DF-A5A5-9EB0162F30FD}.Debug|Mixed Platforms.Deploy.0 = Win10 Debug|Win32
		{F94D238E-21CA-47DF-A5A5-9EB0162F30FD}.Debug|Win32.ActiveCfg = Win10 Debug|Win32
		{F94D238E-21CA-47DF-A5A5-9EB0162F30FD}.Debug|Win32.Build.0 = Win10 Debug|Win32
		{F94D238E-21CA-47DF-A5A5-9EB0162F30FD}.Debug|Win32.Deploy.0 = Win10 Debug|Win32
		{F94D238E-21CA-47DF-A5A5-9EB0162F30FD}.Debug|x64.ActiveCfg = Win10 Debug|x64
		{F94D238E-21CA-47DF-A5A5-9EB0162F30FD}.Debug|x64.Build.0 = Win10 Debug|x64
		{F94D238E-21CA-47DF-A5A5-9EB0162F30FD}.Debug|x64.Deploy.0 = Win10 Debug|x64
		{F94D238E-21CA-47DF-A5A5-9EB0162F30FD}.Debug|x86.ActiveCfg = Win10 Debug|Win32
		{F94D238E-21CA-47DF-A5A5-9EB0162F30FD}.Debug|x86.Build.0 = Win10 Debug|Win32
		{F94D238E-21CA-47DF-A5A5-9EB0162F30FD}.Debug|x86.Deploy.0 = Win10 Debug|Win32
		{F94D238E-21CA-47DF-A5A5-9EB0162F30FD}.Release|Any CPU.ActiveCfg = Win10 Debug|x64
		{F94D238E-21CA-47DF-A5A5-9EB0162F30FD}.Release|Any CPU.Build.0 = Win10 Debug|x64
		{F94D238E-21CA-47DF-A5A5-9EB0162F30FD}.Release|Any CPU.Deploy.0 = Win10 Debug|x64
		{F94D238E-21CA-47DF-A5A5-9EB0162F30FD}.Release|Mixed Platforms.ActiveCfg = Win10 Release|Win32
		{F94D238E-21CA-47DF-A5A5-9EB0162F30FD}.Release|Mixed Platforms.Build.0 = Win10 Release|Win32
		{F94D238E-21CA-47DF-A5A5-9EB0162F30FD}.Release|Mixed Platforms.Deploy.0 = Win10 Release|Win32
		{F94D238E-21CA-47DF-A5A5-9EB0162F30FD}.Release|Win32.ActiveCfg = Win10 Release|Win32
		{F94D238E-21CA-47DF-A5A5-9EB0162F30FD}.Release|Win32.Build.0 = Win10 Release|Win32
		{F94D238E-21CA-47DF-A5A5-9EB0162F30FD}.Release|Win32.Deploy.0 = Win10 Release|Win32
		{F94D238E-21CA-47DF-A5A5-9EB0162F30FD}.Release|x64.ActiveCfg = Win10 Release|x64
		{F94D238E-21CA-47DF-A5A5-9EB0162F30FD}.Release|x64.Build.0 = Win10 Release|x64
		{F94D238E-21CA-47DF-A5A5-9EB0162F30FD}.Release|x64.Deploy.0 = Win10 Release|x64
		{F94D238E-21CA-47DF-A5A5-9EB0162F30FD}.Release|x86.ActiveCfg = Win10 Release|Win32
		{F94D238E-21CA-47DF-A5A5-9EB0162F30FD}.Release|x86.Build.0 = Win10 Release|Win32
		{F94D238E-21CA-47DF-A5A5-9EB0162F30FD}.Release|x86.Deploy.0 = Win10 Release|Win32
		{F94D238E-21CA-47DF-A5A5-9EB0162F30FD}.Win10 Debug|Any CPU.ActiveCfg = Win10 Debug|Win32
		{F94D238E-21CA-47DF-A5A5-9EB0162F30FD}.Win10 Debug|Mixed Platforms.ActiveCfg = Win10 Debug|Win32
		{F94D238E-21CA-47DF-A5A5-9EB0162F30FD}.Win10 Debug|Mixed Platforms.Build.0 = Win10 Debug|Win32
		{F94D238E-21CA-47DF-A5A5-9EB0162F30FD}.Win10 Debug|Mixed Platforms.Deploy.0 = Win10 Debug|Win32
		{F94D238E-21CA-47DF-A5A5-9EB0162F30FD}.Win10 Debug|Win32.ActiveCfg = Win10 Debug|Win32
		{F94D238E-21CA-47DF-A5A5-9EB0162F30FD}.Win10 Debug|Win32.Build.0 = Win10 Debug|Win32
		{F94D238E-21CA-47DF-A5A5-9EB0162F30FD}.Win10 Debug|Win32.Deploy.0 = Win10 Debug|Win32
		{F94D238E-21CA-47DF-A5A5-9EB0162F30FD}.Win10 Debug|x64.ActiveCfg = Win10 Debug|x64
		{F94D238E-21CA-47DF-A5A5-9EB0162F30FD}.Win10 Debug|x64.Build.0 = Win10 Debug|x64
		{F94D238E-21CA-47DF-A5A5-9EB0162F30FD}.Win10 Debug|x64.Deploy.0 = Win10 Debug|x64
		{F94D238E-21CA-47DF-A5A5-9EB0162F30FD}.Win10 Debug|x86.ActiveCfg = Win10 Debug|Win32
		{F94D238E-21CA-47DF-A5A5-9EB0162F30FD}.Win10 Debug|x86.Build.0 = Win10 Debug|Win32
		{F94D238E-21CA-47DF-A5A5-9EB0162F30FD}.Win10 Debug|x86.Deploy.0 = Win10 Debug|Win32
		{F94D238E-21CA-47DF-A5A5-9EB0162F30FD}.Win10 Release|Any CPU.ActiveCfg = Win10 Release|Win32
		{F94D238E-21CA-47DF-A5A5-9EB0162F30FD}.Win10 Release|Mixed Platforms.ActiveCfg = Win10 Release|Win32
		{F94D238E-21CA-47DF-A5A5-9EB0162F30FD}.Win10 Release|Mixed Platforms.Build.0 = Win10 Release|Win32
		{F94D238E-21CA-47DF-A5A5-9EB0162F30FD}.Win10 Release|Mixed Platforms.Deploy.0 = Win10 Release|Win32
		{F94D238E-21CA-47DF-A5A5-9EB0162F30FD}.Win10 Release|Win32.ActiveCfg = Win10 Release|Win32
		{F94D238E-21CA-47DF-A5A5-9EB0162F30FD}.Win10 Release|Win32.Build.0 = Win10 Release|Win32
		{F94D238E-21CA-47DF-A5A5-9EB0162F30FD}.Win10 Release|Win32.Deploy.0 = Win10 Release|Win32
		{F94D238E-21CA-47DF-A5A5-9EB0162F30FD}.Win10 Release|x64.ActiveCfg = Win10 Release|x64
		{F94D238E-21CA-47DF-A5A5-9EB0162F30FD}.Win10 Release|x64.Build.0 = Win10 Release|x64
		{F94D238E-21CA-47DF-A5A5-9EB0162F30FD}.Win10 Release|x64.Deploy.0 = Win10 Release|x64
		{F94D238E-21CA-47DF-A5A5-9EB0162F30FD}.Win10 Release|x86.ActiveCfg = Win10 Release|Win32
		{F94D238E-21CA-47DF-A5A5-9EB0162F30FD}.Win10 Release|x86.Build.0 = Win10 Release|Win32
		{F94D238E-21CA-47DF-A5A5-9EB0162F30FD}.Win10 Release|x86.Deploy.0 = Win10 Release|Win32
		{7B8E9D8D-AD2E-4E23-BE6C-317DD117A16A}.Debug|Any CPU.ActiveCfg = Debug|Any CPU
		{7B8E9D8D-AD2E-4E23-BE6C-317DD117A16A}.Debug|Any CPU.Build.0 = Debug|Any CPU
		{7B8E9D8D-AD2E-4E23-BE6C-317DD117A16A}.Debug|Mixed Platforms.ActiveCfg = Debug|Any CPU
		{7B8E9D8D-AD2E-4E23-BE6C-317DD117A16A}.Debug|Mixed Platforms.Build.0 = Debug|Any CPU
		{7B8E9D8D-AD2E-4E23-BE6C-317DD117A16A}.Debug|Win32.ActiveCfg = Debug|Any CPU
		{7B8E9D8D-AD2E-4E23-BE6C-317DD117A16A}.Debug|Win32.Build.0 = Debug|Any CPU
		{7B8E9D8D-AD2E-4E23-BE6C-317DD117A16A}.Debug|x64.ActiveCfg = Debug|Any CPU
		{7B8E9D8D-AD2E-4E23-BE6C-317DD117A16A}.Debug|x64.Build.0 = Debug|Any CPU
		{7B8E9D8D-AD2E-4E23-BE6C-317DD117A16A}.Debug|x86.ActiveCfg = Debug|Any CPU
		{7B8E9D8D-AD2E-4E23-BE6C-317DD117A16A}.Debug|x86.Build.0 = Debug|Any CPU
		{7B8E9D8D-AD2E-4E23-BE6C-317DD117A16A}.Release|Any CPU.ActiveCfg = Release|Any CPU
		{7B8E9D8D-AD2E-4E23-BE6C-317DD117A16A}.Release|Any CPU.Build.0 = Release|Any CPU
		{7B8E9D8D-AD2E-4E23-BE6C-317DD117A16A}.Release|Mixed Platforms.ActiveCfg = Release|Any CPU
		{7B8E9D8D-AD2E-4E23-BE6C-317DD117A16A}.Release|Mixed Platforms.Build.0 = Release|Any CPU
		{7B8E9D8D-AD2E-4E23-BE6C-317DD117A16A}.Release|Win32.ActiveCfg = Release|Any CPU
		{7B8E9D8D-AD2E-4E23-BE6C-317DD117A16A}.Release|Win32.Build.0 = Release|Any CPU
		{7B8E9D8D-AD2E-4E23-BE6C-317DD117A16A}.Release|x64.ActiveCfg = Release|Any CPU
		{7B8E9D8D-AD2E-4E23-BE6C-317DD117A16A}.Release|x64.Build.0 = Release|Any CPU
		{7B8E9D8D-AD2E-4E23-BE6C-317DD117A16A}.Release|x86.ActiveCfg = Release|Any CPU
		{7B8E9D8D-AD2E-4E23-BE6C-317DD117A16A}.Release|x86.Build.0 = Release|Any CPU
		{7B8E9D8D-AD2E-4E23-BE6C-317DD117A16A}.Win10 Debug|Any CPU.ActiveCfg = Debug|Any CPU
		{7B8E9D8D-AD2E-4E23-BE6C-317DD117A16A}.Win10 Debug|Any CPU.Build.0 = Debug|Any CPU
		{7B8E9D8D-AD2E-4E23-BE6C-317DD117A16A}.Win10 Debug|Mixed Platforms.ActiveCfg = Debug|Any CPU
		{7B8E9D8D-AD2E-4E23-BE6C-317DD117A16A}.Win10 Debug|Mixed Platforms.Build.0 = Debug|Any CPU
		{7B8E9D8D-AD2E-4E23-BE6C-317DD117A16A}.Win10 Debug|Win32.ActiveCfg = Debug|Any CPU
		{7B8E9D8D-AD2E-4E23-BE6C-317DD117A16A}.Win10 Debug|Win32.Build.0 = Debug|Any CPU
		{7B8E9D8D-AD2E-4E23-BE6C-317DD117A16A}.Win10 Debug|x64.ActiveCfg = Debug|Any CPU
		{7B8E9D8D-AD2E-4E23-BE6C-317DD117A16A}.Win10 Debug|x64.Build.0 = Debug|Any CPU
		{7B8E9D8D-AD2E-4E23-BE6C-317DD117A16A}.Win10 Debug|x86.ActiveCfg = Debug|Any CPU
		{7B8E9D8D-AD2E-4E23-BE6C-317DD117A16A}.Win10 Debug|x86.Build.0 = Debug|Any CPU
		{7B8E9D8D-AD2E-4E23-BE6C-317DD117A16A}.Win10 Release|Any CPU.ActiveCfg = Release|Any CPU
		{7B8E9D8D-AD2E-4E23-BE6C-317DD117A16A}.Win10 Release|Any CPU.Build.0 = Release|Any CPU
		{7B8E9D8D-AD2E-4E23-BE6C-317DD117A16A}.Win10 Release|Mixed Platforms.ActiveCfg = Release|Any CPU
		{7B8E9D8D-AD2E-4E23-BE6C-317DD117A16A}.Win10 Release|Mixed Platforms.Build.0 = Release|Any CPU
		{7B8E9D8D-AD2E-4E23-BE6C-317DD117A16A}.Win10 Release|Win32.ActiveCfg = Release|Any CPU
		{7B8E9D8D-AD2E-4E23-BE6C-317DD117A16A}.Win10 Release|Win32.Build.0 = Release|Any CPU
		{7B8E9D8D-AD2E-4E23-BE6C-317DD117A16A}.Win10 Release|x64.ActiveCfg = Release|Any CPU
		{7B8E9D8D-AD2E-4E23-BE6C-317DD117A16A}.Win10 Release|x64.Build.0 = Release|Any CPU
		{7B8E9D8D-AD2E-4E23-BE6C-317DD117A16A}.Win10 Release|x86.ActiveCfg = Release|Any CPU
		{7B8E9D8D-AD2E-4E23-BE6C-317DD117A16A}.Win10 Release|x86.Build.0 = Release|Any CPU
	EndGlobalSection
	GlobalSection(SolutionProperties) = preSolution
		HideSolutionNode = FALSE
	EndGlobalSection
	GlobalSection(NestedProjects) = preSolution
		{F0F6D412-32F7-494E-89F1-02FB73355204} = {49A59B15-62A3-472D-9540-640D5CDA0990}
		{13AD5622-8B1C-47F5-9062-A0ACB26576DD} = {49A59B15-62A3-472D-9540-640D5CDA0990}
		{4A6EB8CA-B376-4BFE-BAB0-0E311B5507AC} = {49A59B15-62A3-472D-9540-640D5CDA0990}
		{9EBE4445-3678-4C54-BEA4-35E7FE219B79} = {5DD1EF4F-D895-434D-845C-A1A72A752919}
		{0C122C40-D262-4DAF-9F61-E9EC08047D61} = {041DF63A-EFDF-402A-ABA3-8873DA12B1EF}
		{C80A3B72-E9D6-43E9-A92B-F58CC61EB8FF} = {041DF63A-EFDF-402A-ABA3-8873DA12B1EF}
		{45FCB8E9-1EBE-4009-BE71-EB1287B374C9} = {5E28CE29-9A2A-41DA-A98A-C46D71FBB6F4}
		{F94D238E-21CA-47DF-A5A5-9EB0162F30FD} = {49A59B15-62A3-472D-9540-640D5CDA0990}
		{7B8E9D8D-AD2E-4E23-BE6C-317DD117A16A} = {041DF63A-EFDF-402A-ABA3-8873DA12B1EF}
	EndGlobalSection
EndGlobal
